{"version":4,"terraform_version":"1.8.7","serial":3,"lineage":"f7d03af9-f0fa-807a-1bc4-8715398c8073","outputs":{},"resources":[{"mode":"managed","type":"aws_route53_zone","name":"main","provider":"provider[\"registry.opentofu.org/hashicorp/aws\"]","instances":[{"schema_version":0,"attributes":{"arn":"arn:aws:route53:::hostedzone/ULK9S3EXOO4J0Z0","comment":"Managed by Terraform","delegation_set_id":"","force_destroy":false,"id":"ULK9S3EXOO4J0Z0","name":"bab.kuresto.dev","name_servers":["ns-2048.awsdns-64.com","ns-2049.awsdns-65.net","ns-2050.awsdns-66.org","ns-2051.awsdns-67.co.uk"],"primary_name_server":"ns-2048.awsdns-64.com","tags":null,"tags_all":{},"vpc":[],"zone_id":"ULK9S3EXOO4J0Z0"},"sensitive_attributes":[],"private":"bnVsbA=="}]}],"check_results":null}
